{
  "name": "interpreter",
  "requires": true,
  "lockfileVersion": 1,
  "dependencies": {
    "as-array": {
      "version": "2.0.0",
      "resolved": "https://registry.npmjs.org/as-array/-/as-array-2.0.0.tgz",
      "integrity": "sha1-TwSAXYf4/OjlEbwhCPjl46KH1Uc="
    },
    "cmd": {
      "version": "0.1.0",
      "resolved": "https://registry.npmjs.org/cmd/-/cmd-0.1.0.tgz",
      "integrity": "sha1-wExzoS2fqsyEyLHojDa7XzOeZJ4=",
      "requires": {
        "as-array": "2.0.0",
        "cmd-utils": "0.1.0",
        "minimist": "1.2.0",
        "ramda": "0.17.1"
      }
    },
    "cmd-utils": {
      "version": "0.1.0",
      "resolved": "https://registry.npmjs.org/cmd-utils/-/cmd-utils-0.1.0.tgz",
      "integrity": "sha1-Z4KWu75aKGPiQQqoJhFvmmG3zKw=",
      "requires": {
        "as-array": "2.0.0",
        "ramda": "0.17.1"
      }
    },
    "minimist": {
      "version": "1.2.0",
      "resolved": "https://registry.npmjs.org/minimist/-/minimist-1.2.0.tgz",
      "integrity": "sha1-o1AIsg9BOD7sH7kU9M1d95omQoQ="
    },
    "ramda": {
      "version": "0.17.1",
      "resolved": "https://registry.npmjs.org/ramda/-/ramda-0.17.1.tgz",
      "integrity": "sha1-TBmBR9OrVOjBUlXxFzDiEW9uYHM="
    }
  }
}
